<?xml version="1.0" encoding="utf-8"?>
<Project ToolsVersion="4.0" xmlns="http://schemas.microsoft.com/developer/msbuild/2003">
  <ItemGroup>
    <Filter Include="源文件">
      <UniqueIdentifier>{4FC737F1-C7A5-4376-A066-2A32D752A2FF}</UniqueIdentifier>
      <Extensions>cpp;c;cc;cxx;def;odl;idl;hpj;bat;asm;asmx</Extensions>
    </Filter>
    <Filter Include="头文件">
      <UniqueIdentifier>{93995380-89BD-4b04-88EB-625FBE52EBFB}</UniqueIdentifier>
      <Extensions>h;hpp;hxx;hm;inl;inc;xsd</Extensions>
    </Filter>
    <Filter Include="资源文件">
      <UniqueIdentifier>{67DA6AB6-F800-4c08-8B7A-83BB121AAD01}</UniqueIdentifier>
      <Extensions>rc;ico;cur;bmp;dlg;rc2;rct;bin;rgs;gif;jpg;jpeg;jpe;resx;tiff;tif;png;wav;mfcribbon-ms</Extensions>
    </Filter>
    <Filter Include="src">
      <UniqueIdentifier>{82784f17-aaf1-4f39-b682-62955530b1c6}</UniqueIdentifier>
    </Filter>
    <Filter Include="src\imag_process">
      <UniqueIdentifier>{b2e3dfb2-58e6-41d1-acc1-b28bcbb470a8}</UniqueIdentifier>
    </Filter>
    <Filter Include="src\common">
      <UniqueIdentifier>{25d1cbf1-e9a2-4d41-9245-4f32e2f0c45f}</UniqueIdentifier>
    </Filter>
  </ItemGroup>
  <ItemGroup>
    <ClCompile Include="src\VideoService.cpp">
      <Filter>src</Filter>
    </ClCompile>
    <ClCompile Include="src\VideoCalculator.cpp">
      <Filter>源文件</Filter>
    </ClCompile>
    <ClCompile Include="src\test_client.cpp">
      <Filter>源文件</Filter>
    </ClCompile>
    <ClCompile Include="src\common\LogFile.cpp">
      <Filter>src\common</Filter>
    </ClCompile>
    <ClCompile Include="src\common\plateform_public.cpp">
      <Filter>src\common</Filter>
    </ClCompile>
    <ClCompile Include="src\common\TCPClient.cpp">
      <Filter>src\common</Filter>
    </ClCompile>
    <ClCompile Include="src\common\TcpServer.cpp">
      <Filter>src\common</Filter>
    </ClCompile>
    <ClCompile Include="src\common\ScreenEngine.cpp">
      <Filter>src\common</Filter>
    </ClCompile>
    <ClCompile Include="src\C7Platform.cpp">
      <Filter>src</Filter>
    </ClCompile>
  </ItemGroup>
  <ItemGroup>
    <ClInclude Include="src\cvOperations.hpp">
      <Filter>src</Filter>
    </ClInclude>
    <ClInclude Include="src\VideoCalculator.h">
      <Filter>头文件</Filter>
    </ClInclude>
    <ClInclude Include="src\minidump.h">
      <Filter>src</Filter>
    </ClInclude>
    <ClInclude Include="src\ErrorCode.h">
      <Filter>src</Filter>
    </ClInclude>
    <ClInclude Include="src\ImageProcess.h">
      <Filter>src\imag_process</Filter>
    </ClInclude>
    <ClInclude Include="src\common\LogFile.h">
      <Filter>src\common</Filter>
    </ClInclude>
    <ClInclude Include="src\common\platform_config.h">
      <Filter>src\common</Filter>
    </ClInclude>
    <ClInclude Include="src\common\TCPClient.h">
      <Filter>src\common</Filter>
    </ClInclude>
    <ClInclude Include="src\common\TCPCommon.h">
      <Filter>src\common</Filter>
    </ClInclude>
    <ClInclude Include="src\common\TcpServer.h">
      <Filter>src\common</Filter>
    </ClInclude>
    <ClInclude Include="src\common\ScreenEngine.h">
      <Filter>src\common</Filter>
    </ClInclude>
    <ClInclude Include="src\C7Platform.h">
      <Filter>src</Filter>
    </ClInclude>
  </ItemGroup>
</Project>